
Microsoft Visual Studio Solution File, Format Version 12.00
# Visual Studio 15
VisualStudioVersion = 15.0.26228.9
MinimumVisualStudioVersion = 10.0.40219.1
Project("{9A19103F-16F7-4668-BE54-9A1E7A4F7556}") = "ResumeCVCoreAng2", "ResumeCVCoreAng2.csproj", "{D42CF7E1-44FE-409B-8DAB-54AD22776BD1}"
EndProject
Project("{2150E333-8FDC-42A3-9474-1A3956D46DE8}") = "Test Projects", "Test Projects", "{71AB2D34-5FAE-4845-90B5-20337AD2E704}"
EndProject
Project("{FAE04EC0-301F-11D3-BF4B-00C04F79EFBC}") = "ResumeCVCoreAng2.Tests", "..\ResumeCVCoreAng2.Tests\ResumeCVCoreAng2.Tests\ResumeCVCoreAng2.Tests.csproj", "{C1548BA8-4898-4CAB-BBF2-2C64C8DB708C}"
EndProject
Global
	GlobalSection(SolutionConfigurationPlatforms) = preSolution
		Debug|Any CPU = Debug|Any CPU
		Release|Any CPU = Release|Any CPU
	EndGlobalSection
	GlobalSection(ProjectConfigurationPlatforms) = postSolution
		{D42CF7E1-44FE-409B-8DAB-54AD22776BD1}.Debug|Any CPU.ActiveCfg = Debug|Any CPU
		{D42CF7E1-44FE-409B-8DAB-54AD22776BD1}.Debug|Any CPU.Build.0 = Debug|Any CPU
		{D42CF7E1-44FE-409B-8DAB-54AD22776BD1}.Release|Any CPU.ActiveCfg = Release|Any CPU
		{D42CF7E1-44FE-409B-8DAB-54AD22776BD1}.Release|Any CPU.Build.0 = Release|Any CPU
		{C1548BA8-4898-4CAB-BBF2-2C64C8DB708C}.Debug|Any CPU.ActiveCfg = Debug|Any CPU
		{C1548BA8-4898-4CAB-BBF2-2C64C8DB708C}.Debug|Any CPU.Build.0 = Debug|Any CPU
		{C1548BA8-4898-4CAB-BBF2-2C64C8DB708C}.Release|Any CPU.ActiveCfg = Release|Any CPU
		{C1548BA8-4898-4CAB-BBF2-2C64C8DB708C}.Release|Any CPU.Build.0 = Release|Any CPU
	EndGlobalSection
	GlobalSection(SolutionProperties) = preSolution
		HideSolutionNode = FALSE
	EndGlobalSection
	GlobalSection(NestedProjects) = preSolution
		{C1548BA8-4898-4CAB-BBF2-2C64C8DB708C} = {71AB2D34-5FAE-4845-90B5-20337AD2E704}
	EndGlobalSection
	GlobalSection(ExtensibilityGlobals) = postSolution
		SolutionGuid = {81A1E5B9-03CF-4262-81FF-1013F317B4FB}
	EndGlobalSection
EndGlobal
